
Microsoft Visual Studio Solution File, Format Version 12.00
# Visual Studio Version 16
VisualStudioVersion = 16.0.30611.23
MinimumVisualStudioVersion = 10.0.40219.1
Project("{FAE04EC0-301F-11D3-BF4B-00C04F79EFBC}") = "CoopUisraelSQlite.Android", "CoopUisraelSQlite.Android\CoopUisraelSQlite.Android.csproj", "{92302ED6-D0EF-49E4-A675-418C74AFD3E3}"
EndProject
Project("{FAE04EC0-301F-11D3-BF4B-00C04F79EFBC}") = "CoopUisraelSQlite.iOS", "CoopUisraelSQlite.iOS\CoopUisraelSQlite.iOS.csproj", "{2AD54307-4A72-48C8-9E4B-A3F19AA46E56}"
EndProject
Project("{FAE04EC0-301F-11D3-BF4B-00C04F79EFBC}") = "CoopUisraelSQlite", "CoopUisraelSQlite\CoopUisraelSQlite.csproj", "{388283AD-4B69-4B4A-874D-A0D03C6C7168}"
EndProject
Global
	GlobalSection(SolutionConfigurationPlatforms) = preSolution
		Debug|Any CPU = Debug|Any CPU
		Debug|iPhone = Debug|iPhone
		Debug|iPhoneSimulator = Debug|iPhoneSimulator
		Release|Any CPU = Release|Any CPU
		Release|iPhone = Release|iPhone
		Release|iPhoneSimulator = Release|iPhoneSimulator
	EndGlobalSection
	GlobalSection(ProjectConfigurationPlatforms) = postSolution
		{92302ED6-D0EF-49E4-A675-418C74AFD3E3}.Debug|Any CPU.ActiveCfg = Debug|Any CPU
		{92302ED6-D0EF-49E4-A675-418C74AFD3E3}.Debug|Any CPU.Build.0 = Debug|Any CPU
		{92302ED6-D0EF-49E4-A675-418C74AFD3E3}.Debug|Any CPU.Deploy.0 = Debug|Any CPU
		{92302ED6-D0EF-49E4-A675-418C74AFD3E3}.Debug|iPhone.ActiveCfg = Debug|Any CPU
		{92302ED6-D0EF-49E4-A675-418C74AFD3E3}.Debug|iPhone.Build.0 = Debug|Any CPU
		{92302ED6-D0EF-49E4-A675-418C74AFD3E3}.Debug|iPhone.Deploy.0 = Debug|Any CPU
		{92302ED6-D0EF-49E4-A675-418C74AFD3E3}.Debug|iPhoneSimulator.ActiveCfg = Debug|Any CPU
		{92302ED6-D0EF-49E4-A675-418C74AFD3E3}.Debug|iPhoneSimulator.Build.0 = Debug|Any CPU
		{92302ED6-D0EF-49E4-A675-418C74AFD3E3}.Debug|iPhoneSimulator.Deploy.0 = Debug|Any CPU
		{92302ED6-D0EF-49E4-A675-418C74AFD3E3}.Release|Any CPU.ActiveCfg = Release|Any CPU
		{92302ED6-D0EF-49E4-A675-418C74AFD3E3}.Release|Any CPU.Build.0 = Release|Any CPU
		{92302ED6-D0EF-49E4-A675-418C74AFD3E3}.Release|Any CPU.Deploy.0 = Release|Any CPU
		{92302ED6-D0EF-49E4-A675-418C74AFD3E3}.Release|iPhone.ActiveCfg = Release|Any CPU
		{92302ED6-D0EF-49E4-A675-418C74AFD3E3}.Release|iPhone.Build.0 = Release|Any CPU
		{92302ED6-D0EF-49E4-A675-418C74AFD3E3}.Release|iPhone.Deploy.0 = Release|Any CPU
		{92302ED6-D0EF-49E4-A675-418C74AFD3E3}.Release|iPhoneSimulator.ActiveCfg = Release|Any CPU
		{92302ED6-D0EF-49E4-A675-418C74AFD3E3}.Release|iPhoneSimulator.Build.0 = Release|Any CPU
		{92302ED6-D0EF-49E4-A675-418C74AFD3E3}.Release|iPhoneSimulator.Deploy.0 = Release|Any CPU
		{2AD54307-4A72-48C8-9E4B-A3F19AA46E56}.Debug|Any CPU.ActiveCfg = Debug|iPhone
		{2AD54307-4A72-48C8-9E4B-A3F19AA46E56}.Debug|Any CPU.Build.0 = Debug|iPhone
		{2AD54307-4A72-48C8-9E4B-A3F19AA46E56}.Debug|Any CPU.Deploy.0 = Debug|iPhone
		{2AD54307-4A72-48C8-9E4B-A3F19AA46E56}.Debug|iPhone.ActiveCfg = Debug|iPhone
		{2AD54307-4A72-48C8-9E4B-A3F19AA46E56}.Debug|iPhone.Build.0 = Debug|iPhone
		{2AD54307-4A72-48C8-9E4B-A3F19AA46E56}.Debug|iPhone.Deploy.0 = Debug|iPhone
		{2AD54307-4A72-48C8-9E4B-A3F19AA46E56}.Debug|iPhoneSimulator.ActiveCfg = Debug|iPhoneSimulator
		{2AD54307-4A72-48C8-9E4B-A3F19AA46E56}.Debug|iPhoneSimulator.Build.0 = Debug|iPhoneSimulator
		{2AD54307-4A72-48C8-9E4B-A3F19AA46E56}.Debug|iPhoneSimulator.Deploy.0 = Debug|iPhoneSimulator
		{2AD54307-4A72-48C8-9E4B-A3F19AA46E56}.Release|Any CPU.ActiveCfg = Release|iPhoneSimulator
		{2AD54307-4A72-48C8-9E4B-A3F19AA46E56}.Release|Any CPU.Build.0 = Release|iPhoneSimulator
		{2AD54307-4A72-48C8-9E4B-A3F19AA46E56}.Release|Any CPU.Deploy.0 = Release|iPhoneSimulator
		{2AD54307-4A72-48C8-9E4B-A3F19AA46E56}.Release|iPhone.ActiveCfg = Release|iPhone
		{2AD54307-4A72-48C8-9E4B-A3F19AA46E56}.Release|iPhone.Build.0 = Release|iPhone
		{2AD54307-4A72-48C8-9E4B-A3F19AA46E56}.Release|iPhone.Deploy.0 = Release|iPhone
		{2AD54307-4A72-48C8-9E4B-A3F19AA46E56}.Release|iPhoneSimulator.ActiveCfg = Release|iPhoneSimulator
		{2AD54307-4A72-48C8-9E4B-A3F19AA46E56}.Release|iPhoneSimulator.Build.0 = Release|iPhoneSimulator
		{2AD54307-4A72-48C8-9E4B-A3F19AA46E56}.Release|iPhoneSimulator.Deploy.0 = Release|iPhoneSimulator
		{388283AD-4B69-4B4A-874D-A0D03C6C7168}.Debug|Any CPU.ActiveCfg = Debug|Any CPU
		{388283AD-4B69-4B4A-874D-A0D03C6C7168}.Debug|Any CPU.Build.0 = Debug|Any CPU
		{388283AD-4B69-4B4A-874D-A0D03C6C7168}.Debug|Any CPU.Deploy.0 = Debug|Any CPU
		{388283AD-4B69-4B4A-874D-A0D03C6C7168}.Debug|iPhone.ActiveCfg = Debug|Any CPU
		{388283AD-4B69-4B4A-874D-A0D03C6C7168}.Debug|iPhone.Build.0 = Debug|Any CPU
		{388283AD-4B69-4B4A-874D-A0D03C6C7168}.Debug|iPhone.Deploy.0 = Debug|Any CPU
		{388283AD-4B69-4B4A-874D-A0D03C6C7168}.Debug|iPhoneSimulator.ActiveCfg = Debug|Any CPU
		{388283AD-4B69-4B4A-874D-A0D03C6C7168}.Debug|iPhoneSimulator.Build.0 = Debug|Any CPU
		{388283AD-4B69-4B4A-874D-A0D03C6C7168}.Debug|iPhoneSimulator.Deploy.0 = Debug|Any CPU
		{388283AD-4B69-4B4A-874D-A0D03C6C7168}.Release|Any CPU.ActiveCfg = Release|Any CPU
		{388283AD-4B69-4B4A-874D-A0D03C6C7168}.Release|Any CPU.Build.0 = Release|Any CPU
		{388283AD-4B69-4B4A-874D-A0D03C6C7168}.Release|Any CPU.Deploy.0 = Release|Any CPU
		{388283AD-4B69-4B4A-874D-A0D03C6C7168}.Release|iPhone.ActiveCfg = Release|Any CPU
		{388283AD-4B69-4B4A-874D-A0D03C6C7168}.Release|iPhone.Build.0 = Release|Any CPU
		{388283AD-4B69-4B4A-874D-A0D03C6C7168}.Release|iPhone.Deploy.0 = Release|Any CPU
		{388283AD-4B69-4B4A-874D-A0D03C6C7168}.Release|iPhoneSimulator.ActiveCfg = Release|Any CPU
		{388283AD-4B69-4B4A-874D-A0D03C6C7168}.Release|iPhoneSimulator.Build.0 = Release|Any CPU
		{388283AD-4B69-4B4A-874D-A0D03C6C7168}.Release|iPhoneSimulator.Deploy.0 = Release|Any CPU
	EndGlobalSection
	GlobalSection(SolutionProperties) = preSolution
		HideSolutionNode = FALSE
	EndGlobalSection
	GlobalSection(ExtensibilityGlobals) = postSolution
		SolutionGuid = {C23023E5-FA93-4A99-A74D-270984A708D4}
	EndGlobalSection
EndGlobal
